// !$*UTF8*$!
{
	archiveVersion = 1;
	classes = {
	};
	objectVersion = 55;
	objects = {

/* Begin PBXBuildFile section */
		1B83F13D283FD69D00D1808B /* WeatherApp.swift in Sources */ = {isa = PBXBuildFile; fileRef = 1B83F13C283FD69D00D1808B /* WeatherApp.swift */; };
		1B83F13F283FD69D00D1808B /* ContentView.swift in Sources */ = {isa = PBXBuildFile; fileRef = 1B83F13E283FD69D00D1808B /* ContentView.swift */; };
		1B83F141283FD6A000D1808B /* Assets.xcassets in Resources */ = {isa = PBXBuildFile; fileRef = 1B83F140283FD6A000D1808B /* Assets.xcassets */; };
		1B83F144283FD6A000D1808B /* Preview Assets.xcassets in Resources */ = {isa = PBXBuildFile; fileRef = 1B83F143283FD6A000D1808B /* Preview Assets.xcassets */; };
		1B83F146283FD6A000D1808B /* Persistence.swift in Sources */ = {isa = PBXBuildFile; fileRef = 1B83F145283FD6A000D1808B /* Persistence.swift */; };
		1B83F149283FD6A000D1808B /* weather.xcdatamodeld in Sources */ = {isa = PBXBuildFile; fileRef = 1B83F147283FD6A000D1808B /* weather.xcdatamodeld */; };
		1B83F153283FD6A000D1808B /* weatherTests.swift in Sources */ = {isa = PBXBuildFile; fileRef = 1B83F152283FD6A000D1808B /* weatherTests.swift */; };
		1B83F15D283FD6A000D1808B /* weatherUITests.swift in Sources */ = {isa = PBXBuildFile; fileRef = 1B83F15C283FD6A000D1808B /* weatherUITests.swift */; };
		1B83F15F283FD6A000D1808B /* weatherUITestsLaunchTests.swift in Sources */ = {isa = PBXBuildFile; fileRef = 1B83F15E283FD6A000D1808B /* weatherUITestsLaunchTests.swift */; };
		1B83F16D283FDD6D00D1808B /* WeatherWidgetView.swift in Sources */ = {isa = PBXBuildFile; fileRef = 1B83F16C283FDD6D00D1808B /* WeatherWidgetView.swift */; };
		1B83F16F283FDE9B00D1808B /* CurrentWeatherView.swift in Sources */ = {isa = PBXBuildFile; fileRef = 1B83F16E283FDE9B00D1808B /* CurrentWeatherView.swift */; };
		1B83F172283FDEBB00D1808B /* WeatherViewModel.swift in Sources */ = {isa = PBXBuildFile; fileRef = 1B83F171283FDEBB00D1808B /* WeatherViewModel.swift */; };
		1B83F175283FE09600D1808B /* Constants.swift in Sources */ = {isa = PBXBuildFile; fileRef = 1B83F174283FE09600D1808B /* Constants.swift */; };
		1B83F177283FE93900D1808B /* WeatherUnitView.swift in Sources */ = {isa = PBXBuildFile; fileRef = 1B83F176283FE93900D1808B /* WeatherUnitView.swift */; };
		1B83F17B28400CD700D1808B /* WeatherWidgetsListView.swift in Sources */ = {isa = PBXBuildFile; fileRef = 1B83F17A28400CD700D1808B /* WeatherWidgetsListView.swift */; };
		1B83F17D2840144900D1808B /* APIClient.swift in Sources */ = {isa = PBXBuildFile; fileRef = 1B83F17C2840144900D1808B /* APIClient.swift */; };
		1B83F17F284014DE00D1808B /* WeatherResponses.swift in Sources */ = {isa = PBXBuildFile; fileRef = 1B83F17E284014DE00D1808B /* WeatherResponses.swift */; };
		1B83F181284019B300D1808B /* Network.swift in Sources */ = {isa = PBXBuildFile; fileRef = 1B83F180284019B300D1808B /* Network.swift */; };
		1B83F18328401E9500D1808B /* Models.swift in Sources */ = {isa = PBXBuildFile; fileRef = 1B83F18228401E9500D1808B /* Models.swift */; };
		1B83F185284035CB00D1808B /* Helpers.swift in Sources */ = {isa = PBXBuildFile; fileRef = 1B83F184284035CB00D1808B /* Helpers.swift */; };
/* End PBXBuildFile section */

/* Begin PBXContainerItemProxy section */
		1B83F14F283FD6A000D1808B /* PBXContainerItemProxy */ = {
			isa = PBXContainerItemProxy;
			containerPortal = 1B83F131283FD69D00D1808B /* Project object */;
			proxyType = 1;
			remoteGlobalIDString = 1B83F138283FD69D00D1808B;
			remoteInfo = weather;
		};
		1B83F159283FD6A000D1808B /* PBXContainerItemProxy */ = {
			isa = PBXContainerItemProxy;
			containerPortal = 1B83F131283FD69D00D1808B /* Project object */;
			proxyType = 1;
			remoteGlobalIDString = 1B83F138283FD69D00D1808B;
			remoteInfo = weather;
		};
/* End PBXContainerItemProxy section */

/* Begin PBXFileReference section */
		1B83F139283FD69D00D1808B /* weather.app */ = {isa = PBXFileReference; explicitFileType = wrapper.application; includeInIndex = 0; path = weather.app; sourceTree = BUILT_PRODUCTS_DIR; };
		1B83F13C283FD69D00D1808B /* WeatherApp.swift */ = {isa = PBXFileReference; lastKnownFileType = sourcecode.swift; path = WeatherApp.swift; sourceTree = "<group>"; };
		1B83F13E283FD69D00D1808B /* ContentView.swift */ = {isa = PBXFileReference; lastKnownFileType = sourcecode.swift; path = ContentView.swift; sourceTree = "<group>"; };
		1B83F140283FD6A000D1808B /* Assets.xcassets */ = {isa = PBXFileReference; lastKnownFileType = folder.assetcatalog; path = Assets.xcassets; sourceTree = "<group>"; };
		1B83F143283FD6A000D1808B /* Preview Assets.xcassets */ = {isa = PBXFileReference; lastKnownFileType = folder.assetcatalog; path = "Preview Assets.xcassets"; sourceTree = "<group>"; };
		1B83F145283FD6A000D1808B /* Persistence.swift */ = {isa = PBXFileReference; lastKnownFileType = sourcecode.swift; path = Persistence.swift; sourceTree = "<group>"; };
		1B83F148283FD6A000D1808B /* weather.xcdatamodel */ = {isa = PBXFileReference; lastKnownFileType = wrapper.xcdatamodel; path = weather.xcdatamodel; sourceTree = "<group>"; };
		1B83F14E283FD6A000D1808B /* weatherTests.xctest */ = {isa = PBXFileReference; explicitFileType = wrapper.cfbundle; includeInIndex = 0; path = weatherTests.xctest; sourceTree = BUILT_PRODUCTS_DIR; };
		1B83F152283FD6A000D1808B /* weatherTests.swift */ = {isa = PBXFileReference; lastKnownFileType = sourcecode.swift; path = weatherTests.swift; sourceTree = "<group>"; };
		1B83F158283FD6A000D1808B /* weatherUITests.xctest */ = {isa = PBXFileReference; explicitFileType = wrapper.cfbundle; includeInIndex = 0; path = weatherUITests.xctest; sourceTree = BUILT_PRODUCTS_DIR; };
		1B83F15C283FD6A000D1808B /* weatherUITests.swift */ = {isa = PBXFileReference; lastKnownFileType = sourcecode.swift; path = weatherUITests.swift; sourceTree = "<group>"; };
		1B83F15E283FD6A000D1808B /* weatherUITestsLaunchTests.swift */ = {isa = PBXFileReference; lastKnownFileType = sourcecode.swift; path = weatherUITestsLaunchTests.swift; sourceTree = "<group>"; };
		1B83F16C283FDD6D00D1808B /* WeatherWidgetView.swift */ = {isa = PBXFileReference; lastKnownFileType = sourcecode.swift; path = WeatherWidgetView.swift; sourceTree = "<group>"; };
		1B83F16E283FDE9B00D1808B /* CurrentWeatherView.swift */ = {isa = PBXFileReference; lastKnownFileType = sourcecode.swift; path = CurrentWeatherView.swift; sourceTree = "<group>"; };
		1B83F171283FDEBB00D1808B /* WeatherViewModel.swift */ = {isa = PBXFileReference; lastKnownFileType = sourcecode.swift; path = WeatherViewModel.swift; sourceTree = "<group>"; };
		1B83F174283FE09600D1808B /* Constants.swift */ = {isa = PBXFileReference; lastKnownFileType = sourcecode.swift; path = Constants.swift; sourceTree = "<group>"; };
		1B83F176283FE93900D1808B /* WeatherUnitView.swift */ = {isa = PBXFileReference; lastKnownFileType = sourcecode.swift; path = WeatherUnitView.swift; sourceTree = "<group>"; };
		1B83F17A28400CD700D1808B /* WeatherWidgetsListView.swift */ = {isa = PBXFileReference; lastKnownFileType = sourcecode.swift; path = WeatherWidgetsListView.swift; sourceTree = "<group>"; };
		1B83F17C2840144900D1808B /* APIClient.swift */ = {isa = PBXFileReference; lastKnownFileType = sourcecode.swift; path = APIClient.swift; sourceTree = "<group>"; };
		1B83F17E284014DE00D1808B /* WeatherResponses.swift */ = {isa = PBXFileReference; lastKnownFileType = sourcecode.swift; path = WeatherResponses.swift; sourceTree = "<group>"; };
		1B83F180284019B300D1808B /* Network.swift */ = {isa = PBXFileReference; lastKnownFileType = sourcecode.swift; path = Network.swift; sourceTree = "<group>"; };
		1B83F18228401E9500D1808B /* Models.swift */ = {isa = PBXFileReference; lastKnownFileType = sourcecode.swift; path = Models.swift; sourceTree = "<group>"; };
		1B83F184284035CB00D1808B /* Helpers.swift */ = {isa = PBXFileReference; lastKnownFileType = sourcecode.swift; path = Helpers.swift; sourceTree = "<group>"; };
/* End PBXFileReference section */

/* Begin PBXFrameworksBuildPhase section */
		1B83F136283FD69D00D1808B /* Frameworks */ = {
			isa = PBXFrameworksBuildPhase;
			buildActionMask = 2147483647;
			files = (
			);
			runOnlyForDeploymentPostprocessing = 0;
		};
		1B83F14B283FD6A000D1808B /* Frameworks */ = {
			isa = PBXFrameworksBuildPhase;
			buildActionMask = 2147483647;
			files = (
			);
			runOnlyForDeploymentPostprocessing = 0;
		};
		1B83F155283FD6A000D1808B /* Frameworks */ = {
			isa = PBXFrameworksBuildPhase;
			buildActionMask = 2147483647;
			files = (
			);
			runOnlyForDeploymentPostprocessing = 0;
		};
/* End PBXFrameworksBuildPhase section */

/* Begin PBXGroup section */
		1B83F130283FD69D00D1808B = {
			isa = PBXGroup;
			children = (
				1B83F13B283FD69D00D1808B /* weather */,
				1B83F151283FD6A000D1808B /* weatherTests */,
				1B83F15B283FD6A000D1808B /* weatherUITests */,
				1B83F13A283FD69D00D1808B /* Products */,
			);
			sourceTree = "<group>";
		};
		1B83F13A283FD69D00D1808B /* Products */ = {
			isa = PBXGroup;
			children = (
				1B83F139283FD69D00D1808B /* weather.app */,
				1B83F14E283FD6A000D1808B /* weatherTests.xctest */,
				1B83F158283FD6A000D1808B /* weatherUITests.xctest */,
			);
			name = Products;
			sourceTree = "<group>";
		};
		1B83F13B283FD69D00D1808B /* weather */ = {
			isa = PBXGroup;
			children = (
				1B83F173283FE09100D1808B /* Utilities */,
				1B83F16B283FDD6300D1808B /* Features */,
				1B83F171283FDEBB00D1808B /* WeatherViewModel.swift */,
				1B83F13C283FD69D00D1808B /* WeatherApp.swift */,
				1B83F13E283FD69D00D1808B /* ContentView.swift */,
				1B83F140283FD6A000D1808B /* Assets.xcassets */,
				1B83F145283FD6A000D1808B /* Persistence.swift */,
				1B83F147283FD6A000D1808B /* weather.xcdatamodeld */,
				1B83F142283FD6A000D1808B /* Preview Content */,
			);
			path = weather;
			sourceTree = "<group>";
		};
		1B83F142283FD6A000D1808B /* Preview Content */ = {
			isa = PBXGroup;
			children = (
				1B83F143283FD6A000D1808B /* Preview Assets.xcassets */,
			);
			path = "Preview Content";
			sourceTree = "<group>";
		};
		1B83F151283FD6A000D1808B /* weatherTests */ = {
			isa = PBXGroup;
			children = (
				1B83F152283FD6A000D1808B /* weatherTests.swift */,
			);
			path = weatherTests;
			sourceTree = "<group>";
		};
		1B83F15B283FD6A000D1808B /* weatherUITests */ = {
			isa = PBXGroup;
			children = (
				1B83F15C283FD6A000D1808B /* weatherUITests.swift */,
				1B83F15E283FD6A000D1808B /* weatherUITestsLaunchTests.swift */,
			);
			path = weatherUITests;
			sourceTree = "<group>";
		};
		1B83F16B283FDD6300D1808B /* Features */ = {
			isa = PBXGroup;
			children = (
				1B83F17928400C8500D1808B /* WeatherWidgets */,
				1B83F170283FDEA000D1808B /* CurrentWeather */,
			);
			path = Features;
			sourceTree = "<group>";
		};
		1B83F170283FDEA000D1808B /* CurrentWeather */ = {
			isa = PBXGroup;
			children = (
				1B83F16E283FDE9B00D1808B /* CurrentWeatherView.swift */,
				1B83F176283FE93900D1808B /* WeatherUnitView.swift */,
			);
			path = CurrentWeather;
			sourceTree = "<group>";
		};
		1B83F173283FE09100D1808B /* Utilities */ = {
			isa = PBXGroup;
			children = (
				1B83F174283FE09600D1808B /* Constants.swift */,
				1B83F17C2840144900D1808B /* APIClient.swift */,
				1B83F17E284014DE00D1808B /* WeatherResponses.swift */,
				1B83F180284019B300D1808B /* Network.swift */,
				1B83F18228401E9500D1808B /* Models.swift */,
				1B83F184284035CB00D1808B /* Helpers.swift */,
			);
			path = Utilities;
			sourceTree = "<group>";
		};
		1B83F17928400C8500D1808B /* WeatherWidgets */ = {
			isa = PBXGroup;
			children = (
				1B83F16C283FDD6D00D1808B /* WeatherWidgetView.swift */,
				1B83F17A28400CD700D1808B /* WeatherWidgetsListView.swift */,
			);
			path = WeatherWidgets;
			sourceTree = "<group>";
		};
/* End PBXGroup section */

/* Begin PBXNativeTarget section */
		1B83F138283FD69D00D1808B /* weather */ = {
			isa = PBXNativeTarget;
			buildConfigurationList = 1B83F162283FD6A000D1808B /* Build configuration list for PBXNativeTarget "weather" */;
			buildPhases = (
				1B83F135283FD69D00D1808B /* Sources */,
				1B83F136283FD69D00D1808B /* Frameworks */,
				1B83F137283FD69D00D1808B /* Resources */,
			);
			buildRules = (
			);
			dependencies = (
			);
			name = weather;
			productName = weather;
			productReference = 1B83F139283FD69D00D1808B /* weather.app */;
			productType = "com.apple.product-type.application";
		};
		1B83F14D283FD6A000D1808B /* weatherTests */ = {
			isa = PBXNativeTarget;
			buildConfigurationList = 1B83F165283FD6A000D1808B /* Build configuration list for PBXNativeTarget "weatherTests" */;
			buildPhases = (
				1B83F14A283FD6A000D1808B /* Sources */,
				1B83F14B283FD6A000D1808B /* Frameworks */,
				1B83F14C283FD6A000D1808B /* Resources */,
			);
			buildRules = (
			);
			dependencies = (
				1B83F150283FD6A000D1808B /* PBXTargetDependency */,
			);
			name = weatherTests;
			productName = weatherTests;
			productReference = 1B83F14E283FD6A000D1808B /* weatherTests.xctest */;
			productType = "com.apple.product-type.bundle.unit-test";
		};
		1B83F157283FD6A000D1808B /* weatherUITests */ = {
			isa = PBXNativeTarget;
			buildConfigurationList = 1B83F168283FD6A000D1808B /* Build configuration list for PBXNativeTarget "weatherUITests" */;
			buildPhases = (
				1B83F154283FD6A000D1808B /* Sources */,
				1B83F155283FD6A000D1808B /* Frameworks */,
				1B83F156283FD6A000D1808B /* Resources */,
			);
			buildRules = (
			);
			dependencies = (
				1B83F15A283FD6A000D1808B /* PBXTargetDependency */,
			);
			name = weatherUITests;
			productName = weatherUITests;
			productReference = 1B83F158283FD6A000D1808B /* weatherUITests.xctest */;
			productType = "com.apple.product-type.bundle.ui-testing";
		};
/* End PBXNativeTarget section */

/* Begin PBXProject section */
		1B83F131283FD69D00D1808B /* Project object */ = {
			isa = PBXProject;
			attributes = {
				BuildIndependentTargetsInParallel = 1;
				LastSwiftUpdateCheck = 1320;
				LastUpgradeCheck = 1320;
				TargetAttributes = {
					1B83F138283FD69D00D1808B = {
						CreatedOnToolsVersion = 13.2.1;
					};
					1B83F14D283FD6A000D1808B = {
						CreatedOnToolsVersion = 13.2.1;
						TestTargetID = 1B83F138283FD69D00D1808B;
					};
					1B83F157283FD6A000D1808B = {
						CreatedOnToolsVersion = 13.2.1;
						TestTargetID = 1B83F138283FD69D00D1808B;
					};
				};
			};
			buildConfigurationList = 1B83F134283FD69D00D1808B /* Build configuration list for PBXProject "weather" */;
			compatibilityVersion = "Xcode 13.0";
			developmentRegion = en;
			hasScannedForEncodings = 0;
			knownRegions = (
				en,
				Base,
			);
			mainGroup = 1B83F130283FD69D00D1808B;
			productRefGroup = 1B83F13A283FD69D00D1808B /* Products */;
			projectDirPath = "";
			projectRoot = "";
			targets = (
				1B83F138283FD69D00D1808B /* weather */,
				1B83F14D283FD6A000D1808B /* weatherTests */,
				1B83F157283FD6A000D1808B /* weatherUITests */,
			);
		};
/* End PBXProject section */

/* Begin PBXResourcesBuildPhase section */
		1B83F137283FD69D00D1808B /* Resources */ = {
			isa = PBXResourcesBuildPhase;
			buildActionMask = 2147483647;
			files = (
				1B83F144283FD6A000D1808B /* Preview Assets.xcassets in Resources */,
				1B83F141283FD6A000D1808B /* Assets.xcassets in Resources */,
			);
			runOnlyForDeploymentPostprocessing = 0;
		};
		1B83F14C283FD6A000D1808B /* Resources */ = {
			isa = PBXResourcesBuildPhase;
			buildActionMask = 2147483647;
			files = (
			);
			runOnlyForDeploymentPostprocessing = 0;
		};
		1B83F156283FD6A000D1808B /* Resources */ = {
			isa = PBXResourcesBuildPhase;
			buildActionMask = 2147483647;
			files = (
			);
			runOnlyForDeploymentPostprocessing = 0;
		};
/* End PBXResourcesBuildPhase section */

/* Begin PBXSourcesBuildPhase section */
		1B83F135283FD69D00D1808B /* Sources */ = {
			isa = PBXSourcesBuildPhase;
			buildActionMask = 2147483647;
			files = (
				1B83F181284019B300D1808B /* Network.swift in Sources */,
				1B83F149283FD6A000D1808B /* weather.xcdatamodeld in Sources */,
				1B83F17B28400CD700D1808B /* WeatherWidgetsListView.swift in Sources */,
				1B83F146283FD6A000D1808B /* Persistence.swift in Sources */,
				1B83F17F284014DE00D1808B /* WeatherResponses.swift in Sources */,
				1B83F177283FE93900D1808B /* WeatherUnitView.swift in Sources */,
				1B83F16D283FDD6D00D1808B /* WeatherWidgetView.swift in Sources */,
				1B83F17D2840144900D1808B /* APIClient.swift in Sources */,
				1B83F16F283FDE9B00D1808B /* CurrentWeatherView.swift in Sources */,
				1B83F13F283FD69D00D1808B /* ContentView.swift in Sources */,
				1B83F13D283FD69D00D1808B /* WeatherApp.swift in Sources */,
				1B83F172283FDEBB00D1808B /* WeatherViewModel.swift in Sources */,
				1B83F175283FE09600D1808B /* Constants.swift in Sources */,
				1B83F185284035CB00D1808B /* Helpers.swift in Sources */,
				1B83F18328401E9500D1808B /* Models.swift in Sources */,
			);
			runOnlyForDeploymentPostprocessing = 0;
		};
		1B83F14A283FD6A000D1808B /* Sources */ = {
			isa = PBXSourcesBuildPhase;
			buildActionMask = 2147483647;
			files = (
				1B83F153283FD6A000D1808B /* weatherTests.swift in Sources */,
			);
			runOnlyForDeploymentPostprocessing = 0;
		};
		1B83F154283FD6A000D1808B /* Sources */ = {
			isa = PBXSourcesBuildPhase;
			buildActionMask = 2147483647;
			files = (
				1B83F15D283FD6A000D1808B /* weatherUITests.swift in Sources */,
				1B83F15F283FD6A000D1808B /* weatherUITestsLaunchTests.swift in Sources */,
			);
			runOnlyForDeploymentPostprocessing = 0;
		};
/* End PBXSourcesBuildPhase section */

/* Begin PBXTargetDependency section */
		1B83F150283FD6A000D1808B /* PBXTargetDependency */ = {
			isa = PBXTargetDependency;
			target = 1B83F138283FD69D00D1808B /* weather */;
			targetProxy = 1B83F14F283FD6A000D1808B /* PBXContainerItemProxy */;
		};
		1B83F15A283FD6A000D1808B /* PBXTargetDependency */ = {
			isa = PBXTargetDependency;
			target = 1B83F138283FD69D00D1808B /* weather */;
			targetProxy = 1B83F159283FD6A000D1808B /* PBXContainerItemProxy */;
		};
/* End PBXTargetDependency section */

/* Begin XCBuildConfiguration section */
		1B83F160283FD6A000D1808B /* Debug */ = {
			isa = XCBuildConfiguration;
			buildSettings = {
				ALWAYS_SEARCH_USER_PATHS = NO;
				CLANG_ANALYZER_NONNULL = YES;
				CLANG_ANALYZER_NUMBER_OBJECT_CONVERSION = YES_AGGRESSIVE;
				CLANG_CXX_LANGUAGE_STANDARD = "gnu++17";
				CLANG_CXX_LIBRARY = "libc++";
				CLANG_ENABLE_MODULES = YES;
				CLANG_ENABLE_OBJC_ARC = YES;
				CLANG_ENABLE_OBJC_WEAK = YES;
				CLANG_WARN_BLOCK_CAPTURE_AUTORELEASING = YES;
				CLANG_WARN_BOOL_CONVERSION = YES;
				CLANG_WARN_COMMA = YES;
				CLANG_WARN_CONSTANT_CONVERSION = YES;
				CLANG_WARN_DEPRECATED_OBJC_IMPLEMENTATIONS = YES;
				CLANG_WARN_DIRECT_OBJC_ISA_USAGE = YES_ERROR;
				CLANG_WARN_DOCUMENTATION_COMMENTS = YES;
				CLANG_WARN_EMPTY_BODY = YES;
				CLANG_WARN_ENUM_CONVERSION = YES;
				CLANG_WARN_INFINITE_RECURSION = YES;
				CLANG_WARN_INT_CONVERSION = YES;
				CLANG_WARN_NON_LITERAL_NULL_CONVERSION = YES;
				CLANG_WARN_OBJC_IMPLICIT_RETAIN_SELF = YES;
				CLANG_WARN_OBJC_LITERAL_CONVERSION = YES;
				CLANG_WARN_OBJC_ROOT_CLASS = YES_ERROR;
				CLANG_WARN_QUOTED_INCLUDE_IN_FRAMEWORK_HEADER = YES;
				CLANG_WARN_RANGE_LOOP_ANALYSIS = YES;
				CLANG_WARN_STRICT_PROTOTYPES = YES;
				CLANG_WARN_SUSPICIOUS_MOVE = YES;
				CLANG_WARN_UNGUARDED_AVAILABILITY = YES_AGGRESSIVE;
				CLANG_WARN_UNREACHABLE_CODE = YES;
				CLANG_WARN__DUPLICATE_METHOD_MATCH = YES;
				COPY_PHASE_STRIP = NO;
				DEBUG_INFORMATION_FORMAT = dwarf;
				ENABLE_STRICT_OBJC_MSGSEND = YES;
				ENABLE_TESTABILITY = YES;
				GCC_C_LANGUAGE_STANDARD = gnu11;
				GCC_DYNAMIC_NO_PIC = NO;
				GCC_NO_COMMON_BLOCKS = YES;
				GCC_OPTIMIZATION_LEVEL = 0;
				GCC_PREPROCESSOR_DEFINITIONS = (
					"DEBUG=1",
					"$(inherited)",
				);
				GCC_WARN_64_TO_32_BIT_CONVERSION = YES;
				GCC_WARN_ABOUT_RETURN_TYPE = YES_ERROR;
				GCC_WARN_UNDECLARED_SELECTOR = YES;
				GCC_WARN_UNINITIALIZED_AUTOS = YES_AGGRESSIVE;
				GCC_WARN_UNUSED_FUNCTION = YES;
				GCC_WARN_UNUSED_VARIABLE = YES;
				IPHONEOS_DEPLOYMENT_TARGET = 15.2;
				MTL_ENABLE_DEBUG_INFO = INCLUDE_SOURCE;
				MTL_FAST_MATH = YES;
				ONLY_ACTIVE_ARCH = YES;
				SDKROOT = iphoneos;
				SWIFT_ACTIVE_COMPILATION_CONDITIONS = DEBUG;
				SWIFT_OPTIMIZATION_LEVEL = "-Onone";
			};
			name = Debug;
		};
		1B83F161283FD6A000D1808B /* Release */ = {
			isa = XCBuildConfiguration;
			buildSettings = {
				ALWAYS_SEARCH_USER_PATHS = NO;
				CLANG_ANALYZER_NONNULL = YES;
				CLANG_ANALYZER_NUMBER_OBJECT_CONVERSION = YES_AGGRESSIVE;
				CLANG_CXX_LANGUAGE_STANDARD = "gnu++17";
				CLANG_CXX_LIBRARY = "libc++";
				CLANG_ENABLE_MODULES = YES;
				CLANG_ENABLE_OBJC_ARC = YES;
				CLANG_ENABLE_OBJC_WEAK = YES;
				CLANG_WARN_BLOCK_CAPTURE_AUTORELEASING = YES;
				CLANG_WARN_BOOL_CONVERSION = YES;
				CLANG_WARN_COMMA = YES;
				CLANG_WARN_CONSTANT_CONVERSION = YES;
				CLANG_WARN_DEPRECATED_OBJC_IMPLEMENTATIONS = YES;
				CLANG_WARN_DIRECT_OBJC_ISA_USAGE = YES_ERROR;
				CLANG_WARN_DOCUMENTATION_COMMENTS = YES;
				CLANG_WARN_EMPTY_BODY = YES;
				CLANG_WARN_ENUM_CONVERSION = YES;
				CLANG_WARN_INFINITE_RECURSION = YES;
				CLANG_WARN_INT_CONVERSION = YES;
				CLANG_WARN_NON_LITERAL_NULL_CONVERSION = YES;
				CLANG_WARN_OBJC_IMPLICIT_RETAIN_SELF = YES;
				CLANG_WARN_OBJC_LITERAL_CONVERSION = YES;
				CLANG_WARN_OBJC_ROOT_CLASS = YES_ERROR;
				CLANG_WARN_QUOTED_INCLUDE_IN_FRAMEWORK_HEADER = YES;
				CLANG_WARN_RANGE_LOOP_ANALYSIS = YES;
				CLANG_WARN_STRICT_PROTOTYPES = YES;
				CLANG_WARN_SUSPICIOUS_MOVE = YES;
				CLANG_WARN_UNGUARDED_AVAILABILITY = YES_AGGRESSIVE;
				CLANG_WARN_UNREACHABLE_CODE = YES;
				CLANG_WARN__DUPLICATE_METHOD_MATCH = YES;
				COPY_PHASE_STRIP = NO;
				DEBUG_INFORMATION_FORMAT = "dwarf-with-dsym";
				ENABLE_NS_ASSERTIONS = NO;
				ENABLE_STRICT_OBJC_MSGSEND = YES;
				GCC_C_LANGUAGE_STANDARD = gnu11;
				GCC_NO_COMMON_BLOCKS = YES;
				GCC_WARN_64_TO_32_BIT_CONVERSION = YES;
				GCC_WARN_ABOUT_RETURN_TYPE = YES_ERROR;
				GCC_WARN_UNDECLARED_SELECTOR = YES;
				GCC_WARN_UNINITIALIZED_AUTOS = YES_AGGRESSIVE;
				GCC_WARN_UNUSED_FUNCTION = YES;
				GCC_WARN_UNUSED_VARIABLE = YES;
				IPHONEOS_DEPLOYMENT_TARGET = 15.2;
				MTL_ENABLE_DEBUG_INFO = NO;
				MTL_FAST_MATH = YES;
				SDKROOT = iphoneos;
				SWIFT_COMPILATION_MODE = wholemodule;
				SWIFT_OPTIMIZATION_LEVEL = "-O";
				VALIDATE_PRODUCT = YES;
			};
			name = Release;
		};
		1B83F163283FD6A000D1808B /* Debug */ = {
			isa = XCBuildConfiguration;
			buildSettings = {
				ASSETCATALOG_COMPILER_APPICON_NAME = AppIcon;
				ASSETCATALOG_COMPILER_GLOBAL_ACCENT_COLOR_NAME = AccentColor;
				CODE_SIGN_STYLE = Automatic;
				CURRENT_PROJECT_VERSION = 1;
				DEVELOPMENT_ASSET_PATHS = "\"weather/Preview Content\"";
				DEVELOPMENT_TEAM = 95ABRKSUG7;
				ENABLE_PREVIEWS = YES;
				GENERATE_INFOPLIST_FILE = YES;
				INFOPLIST_KEY_UIApplicationSceneManifest_Generation = YES;
				INFOPLIST_KEY_UIApplicationSupportsIndirectInputEvents = YES;
				INFOPLIST_KEY_UILaunchScreen_Generation = YES;
				INFOPLIST_KEY_UISupportedInterfaceOrientations_iPad = "UIInterfaceOrientationPortrait UIInterfaceOrientationPortraitUpsideDown UIInterfaceOrientationLandscapeLeft UIInterfaceOrientationLandscapeRight";
				INFOPLIST_KEY_UISupportedInterfaceOrientations_iPhone = "UIInterfaceOrientationPortrait UIInterfaceOrientationLandscapeLeft UIInterfaceOrientationLandscapeRight";
				LD_RUNPATH_SEARCH_PATHS = (
					"$(inherited)",
					"@executable_path/Frameworks",
				);
				MARKETING_VERSION = 1.0;
				PRODUCT_BUNDLE_IDENTIFIER = "beta-ios.weather";
				PRODUCT_NAME = "$(TARGET_NAME)";
				SWIFT_EMIT_LOC_STRINGS = YES;
				SWIFT_VERSION = 5.0;
				TARGETED_DEVICE_FAMILY = "1,2";
			};
			name = Debug;
		};
		1B83F164283FD6A000D1808B /* Release */ = {
			isa = XCBuildConfiguration;
			buildSettings = {
				ASSETCATALOG_COMPILER_APPICON_NAME = AppIcon;
				ASSETCATALOG_COMPILER_GLOBAL_ACCENT_COLOR_NAME = AccentColor;
				CODE_SIGN_STYLE = Automatic;
				CURRENT_PROJECT_VERSION = 1;
				DEVELOPMENT_ASSET_PATHS = "\"weather/Preview Content\"";
				DEVELOPMENT_TEAM = 95ABRKSUG7;
				ENABLE_PREVIEWS = YES;
				GENERATE_INFOPLIST_FILE = YES;
				INFOPLIST_KEY_UIApplicationSceneManifest_Generation = YES;
				INFOPLIST_KEY_UIApplicationSupportsIndirectInputEvents = YES;
				INFOPLIST_KEY_UILaunchScreen_Generation = YES;
				INFOPLIST_KEY_UISupportedInterfaceOrientations_iPad = "UIInterfaceOrientationPortrait UIInterfaceOrientationPortraitUpsideDown UIInterfaceOrientationLandscapeLeft UIInterfaceOrientationLandscapeRight";
				INFOPLIST_KEY_UISupportedInterfaceOrientations_iPhone = "UIInterfaceOrientationPortrait UIInterfaceOrientationLandscapeLeft UIInterfaceOrientationLandscapeRight";
				LD_RUNPATH_SEARCH_PATHS = (
					"$(inherited)",
					"@executable_path/Frameworks",
				);
				MARKETING_VERSION = 1.0;
				PRODUCT_BUNDLE_IDENTIFIER = "beta-ios.weather";
				PRODUCT_NAME = "$(TARGET_NAME)";
				SWIFT_EMIT_LOC_STRINGS = YES;
				SWIFT_VERSION = 5.0;
				TARGETED_DEVICE_FAMILY = "1,2";
			};
			name = Release;
		};
		1B83F166283FD6A000D1808B /* Debug */ = {
			isa = XCBuildConfiguration;
			buildSettings = {
				ALWAYS_EMBED_SWIFT_STANDARD_LIBRARIES = YES;
				BUNDLE_LOADER = "$(TEST_HOST)";
				CODE_SIGN_STYLE = Automatic;
				CURRENT_PROJECT_VERSION = 1;
				DEVELOPMENT_TEAM = 95ABRKSUG7;
				GENERATE_INFOPLIST_FILE = YES;
				IPHONEOS_DEPLOYMENT_TARGET = 15.2;
				MARKETING_VERSION = 1.0;
				PRODUCT_BUNDLE_IDENTIFIER = "beta-ios.weatherTests";
				PRODUCT_NAME = "$(TARGET_NAME)";
				SWIFT_EMIT_LOC_STRINGS = NO;
				SWIFT_VERSION = 5.0;
				TARGETED_DEVICE_FAMILY = "1,2";
				TEST_HOST = "$(BUILT_PRODUCTS_DIR)/weather.app/weather";
			};
			name = Debug;
		};
		1B83F167283FD6A000D1808B /* Release */ = {
			isa = XCBuildConfiguration;
			buildSettings = {
				ALWAYS_EMBED_SWIFT_STANDARD_LIBRARIES = YES;
				BUNDLE_LOADER = "$(TEST_HOST)";
				CODE_SIGN_STYLE = Automatic;
				CURRENT_PROJECT_VERSION = 1;
				DEVELOPMENT_TEAM = 95ABRKSUG7;
				GENERATE_INFOPLIST_FILE = YES;
				IPHONEOS_DEPLOYMENT_TARGET = 15.2;
				MARKETING_VERSION = 1.0;
				PRODUCT_BUNDLE_IDENTIFIER = "beta-ios.weatherTests";
				PRODUCT_NAME = "$(TARGET_NAME)";
				SWIFT_EMIT_LOC_STRINGS = NO;
				SWIFT_VERSION = 5.0;
				TARGETED_DEVICE_FAMILY = "1,2";
				TEST_HOST = "$(BUILT_PRODUCTS_DIR)/weather.app/weather";
			};
			name = Release;
		};
		1B83F169283FD6A000D1808B /* Debug */ = {
			isa = XCBuildConfiguration;
			buildSettings = {
				ALWAYS_EMBED_SWIFT_STANDARD_LIBRARIES = YES;
				CODE_SIGN_STYLE = Automatic;
				CURRENT_PROJECT_VERSION = 1;
				DEVELOPMENT_TEAM = 95ABRKSUG7;
				GENERATE_INFOPLIST_FILE = YES;
				MARKETING_VERSION = 1.0;
				PRODUCT_BUNDLE_IDENTIFIER = "beta-ios.weatherUITests";
				PRODUCT_NAME = "$(TARGET_NAME)";
				SWIFT_EMIT_LOC_STRINGS = NO;
				SWIFT_VERSION = 5.0;
				TARGETED_DEVICE_FAMILY = "1,2";
				TEST_TARGET_NAME = weather;
			};
			name = Debug;
		};
		1B83F16A283FD6A000D1808B /* Release */ = {
			isa = XCBuildConfiguration;
			buildSettings = {
				ALWAYS_EMBED_SWIFT_STANDARD_LIBRARIES = YES;
				CODE_SIGN_STYLE = Automatic;
				CURRENT_PROJECT_VERSION = 1;
				DEVELOPMENT_TEAM = 95ABRKSUG7;
				GENERATE_INFOPLIST_FILE = YES;
				MARKETING_VERSION = 1.0;
				PRODUCT_BUNDLE_IDENTIFIER = "beta-ios.weatherUITests";
				PRODUCT_NAME = "$(TARGET_NAME)";
				SWIFT_EMIT_LOC_STRINGS = NO;
				SWIFT_VERSION = 5.0;
				TARGETED_DEVICE_FAMILY = "1,2";
				TEST_TARGET_NAME = weather;
			};
			name = Release;
		};
/* End XCBuildConfiguration section */

/* Begin XCConfigurationList section */
		1B83F134283FD69D00D1808B /* Build configuration list for PBXProject "weather" */ = {
			isa = XCConfigurationList;
			buildConfigurations = (
				1B83F160283FD6A000D1808B /* Debug */,
				1B83F161283FD6A000D1808B /* Release */,
			);
			defaultConfigurationIsVisible = 0;
			defaultConfigurationName = Release;
		};
		1B83F162283FD6A000D1808B /* Build configuration list for PBXNativeTarget "weather" */ = {
			isa = XCConfigurationList;
			buildConfigurations = (
				1B83F163283FD6A000D1808B /* Debug */,
				1B83F164283FD6A000D1808B /* Release */,
			);
			defaultConfigurationIsVisible = 0;
			defaultConfigurationName = Release;
		};
		1B83F165283FD6A000D1808B /* Build configuration list for PBXNativeTarget "weatherTests" */ = {
			isa = XCConfigurationList;
			buildConfigurations = (
				1B83F166283FD6A000D1808B /* Debug */,
				1B83F167283FD6A000D1808B /* Release */,
			);
			defaultConfigurationIsVisible = 0;
			defaultConfigurationName = Release;
		};
		1B83F168283FD6A000D1808B /* Build configuration list for PBXNativeTarget "weatherUITests" */ = {
			isa = XCConfigurationList;
			buildConfigurations = (
				1B83F169283FD6A000D1808B /* Debug */,
				1B83F16A283FD6A000D1808B /* Release */,
			);
			defaultConfigurationIsVisible = 0;
			defaultConfigurationName = Release;
		};
/* End XCConfigurationList section */

/* Begin XCVersionGroup section */
		1B83F147283FD6A000D1808B /* weather.xcdatamodeld */ = {
			isa = XCVersionGroup;
			children = (
				1B83F148283FD6A000D1808B /* weather.xcdatamodel */,
			);
			currentVersion = 1B83F148283FD6A000D1808B /* weather.xcdatamodel */;
			path = weather.xcdatamodeld;
			sourceTree = "<group>";
			versionGroupType = wrapper.xcdatamodel;
		};
/* End XCVersionGroup section */
	};
	rootObject = 1B83F131283FD69D00D1808B /* Project object */;
}
